
Microsoft Visual Studio Solution File, Format Version 12.00
# Visual Studio 2013
VisualStudioVersion = 12.0.30501.0
MinimumVisualStudioVersion = 10.0.40219.1
Project("{8BC9CEB8-8B4A-11D0-8D11-00A0C91BC942}") = "Modbus_TCP", "Modbus_TCP\Modbus_TCP.vcxproj", "{869370AA-BD5C-4B19-848A-D2D2680E03DC}"
EndProject
Project("{8BC9CEB8-8B4A-11D0-8D11-00A0C91BC942}") = "Modbus_RTU", "Modbus_RTU\Modbus_RTU.vcxproj", "{95628203-DC20-42BC-BD1C-CDD9F0DF3839}"
EndProject
Project("{8BC9CEB8-8B4A-11D0-8D11-00A0C91BC942}") = "Test_RTU", "Test_RTU\Test_RTU.vcxproj", "{940F6E77-F771-4616-A05A-2269BA245870}"
EndProject
Project("{8BC9CEB8-8B4A-11D0-8D11-00A0C91BC942}") = "test", "test\test.vcxproj", "{31C5D325-6956-4C20-8779-2FD39E807300}"
EndProject
Global
	GlobalSection(SolutionConfigurationPlatforms) = preSolution
		Debug|Win32 = Debug|Win32
		Release|Win32 = Release|Win32
	EndGlobalSection
	GlobalSection(ProjectConfigurationPlatforms) = postSolution
		{869370AA-BD5C-4B19-848A-D2D2680E03DC}.Debug|Win32.ActiveCfg = Debug|Win32
		{869370AA-BD5C-4B19-848A-D2D2680E03DC}.Debug|Win32.Build.0 = Debug|Win32
		{869370AA-BD5C-4B19-848A-D2D2680E03DC}.Release|Win32.ActiveCfg = Release|Win32
		{869370AA-BD5C-4B19-848A-D2D2680E03DC}.Release|Win32.Build.0 = Release|Win32
		{95628203-DC20-42BC-BD1C-CDD9F0DF3839}.Debug|Win32.ActiveCfg = Debug|Win32
		{95628203-DC20-42BC-BD1C-CDD9F0DF3839}.Debug|Win32.Build.0 = Debug|Win32
		{95628203-DC20-42BC-BD1C-CDD9F0DF3839}.Release|Win32.ActiveCfg = Release|Win32
		{95628203-DC20-42BC-BD1C-CDD9F0DF3839}.Release|Win32.Build.0 = Release|Win32
		{940F6E77-F771-4616-A05A-2269BA245870}.Debug|Win32.ActiveCfg = Debug|Win32
		{940F6E77-F771-4616-A05A-2269BA245870}.Debug|Win32.Build.0 = Debug|Win32
		{940F6E77-F771-4616-A05A-2269BA245870}.Release|Win32.ActiveCfg = Release|Win32
		{940F6E77-F771-4616-A05A-2269BA245870}.Release|Win32.Build.0 = Release|Win32
		{31C5D325-6956-4C20-8779-2FD39E807300}.Debug|Win32.ActiveCfg = Debug|Win32
		{31C5D325-6956-4C20-8779-2FD39E807300}.Debug|Win32.Build.0 = Debug|Win32
		{31C5D325-6956-4C20-8779-2FD39E807300}.Release|Win32.ActiveCfg = Release|Win32
		{31C5D325-6956-4C20-8779-2FD39E807300}.Release|Win32.Build.0 = Release|Win32
	EndGlobalSection
	GlobalSection(SolutionProperties) = preSolution
		HideSolutionNode = FALSE
	EndGlobalSection
EndGlobal
